<?xml version="1.0" encoding="utf-8"?>
<Project ToolsVersion="4.0" xmlns="http://schemas.microsoft.com/developer/msbuild/2003">
  <ItemGroup>
    <Filter Include="Source Files">
      <UniqueIdentifier>{12b1f2c9-5cf6-4030-b446-57dd4bedcc14}</UniqueIdentifier>
      <Extensions>cpp;c;cxx;rc;def;r;odl;idl;hpj;bat</Extensions>
    </Filter>
    <Filter Include="Header Files">
      <UniqueIdentifier>{119eb834-7de7-42cf-9dd4-09cb5d576934}</UniqueIdentifier>
      <Extensions>h;hpp;hxx;hm;inl</Extensions>
    </Filter>
    <Filter Include="Resource Files">
      <UniqueIdentifier>{a8a5c241-27ee-4670-b235-96495a0366ce}</UniqueIdentifier>
      <Extensions>ico;cur;bmp;dlg;rc2;rct;bin;rgs;gif;jpg;jpeg;jpe</Extensions>
    </Filter>
  </ItemGroup>
  <ItemGroup>
    <ClCompile Include="SAPCONN.CPP">
      <Filter>Source Files</Filter>
    </ClCompile>
    <ClCompile Include="SAPDbGet.cpp">
      <Filter>Source Files</Filter>
    </ClCompile>
    <ClCompile Include="SAPINTF.cpp">
      <Filter>Source Files</Filter>
    </ClCompile>
    <ClCompile Include="SAPSERV.CPP">
      <Filter>Source Files</Filter>
    </ClCompile>
    <ClCompile Include="SQLGET.CPP">
      <Filter>Source Files</Filter>
    </ClCompile>
    <ClCompile Include="StdAfx.cpp">
      <Filter>Source Files</Filter>
    </ClCompile>
  </ItemGroup>
  <ItemGroup>
    <ResourceCompile Include="SAPINTF.rc">
      <Filter>Source Files</Filter>
    </ResourceCompile>
  </ItemGroup>
  <ItemGroup>
    <ClInclude Include="Resource.h">
      <Filter>Header Files</Filter>
    </ClInclude>
    <ClInclude Include="SAPCONN.H">
      <Filter>Header Files</Filter>
    </ClInclude>
    <ClInclude Include="SAPDbGet.h">
      <Filter>Header Files</Filter>
    </ClInclude>
    <ClInclude Include="SAPINTF.h">
      <Filter>Header Files</Filter>
    </ClInclude>
    <ClInclude Include="SAPSERV.H">
      <Filter>Header Files</Filter>
    </ClInclude>
    <ClInclude Include="SQLGET.H">
      <Filter>Header Files</Filter>
    </ClInclude>
    <ClInclude Include="StdAfx.h">
      <Filter>Header Files</Filter>
    </ClInclude>
  </ItemGroup>
  <ItemGroup>
    <Text Include="ReadMe.txt" />
  </ItemGroup>
  <ItemGroup>
    <Library Include="..\..\..\..\..\Program Files\SAPpc\sapgui\RFCSDK\crfcsdk\lib\rfcclass.lib" />
  </ItemGroup>
  <ItemGroup>
    <CustomBuild Include="SAPINTF.def">
      <Filter>Source Files</Filter>
    </CustomBuild>
    <CustomBuild Include="res\SAPINTF.rc2">
      <Filter>Resource Files</Filter>
    </CustomBuild>
  </ItemGroup>
</Project>